
Microsoft Visual Studio Solution File, Format Version 12.00
# Visual Studio Version 16
VisualStudioVersion = 16.0.33130.400
MinimumVisualStudioVersion = 10.0.40219.1
Project("{FAE04EC0-301F-11D3-BF4B-00C04F79EFBC}") = "emlakGörselProgramlama", "emlakGörselProgramlama\emlakGörselProgramlama.csproj", "{F105E9A9-DA3B-4B15-AA3B-8BB53FD12CEC}"
EndProject
Global
	GlobalSection(SolutionConfigurationPlatforms) = preSolution
		Debug|Any CPU = Debug|Any CPU
		Release|Any CPU = Release|Any CPU
	EndGlobalSection
	GlobalSection(ProjectConfigurationPlatforms) = postSolution
		{F105E9A9-DA3B-4B15-AA3B-8BB53FD12CEC}.Debug|Any CPU.ActiveCfg = Debug|Any CPU
		{F105E9A9-DA3B-4B15-AA3B-8BB53FD12CEC}.Debug|Any CPU.Build.0 = Debug|Any CPU
		{F105E9A9-DA3B-4B15-AA3B-8BB53FD12CEC}.Release|Any CPU.ActiveCfg = Release|Any CPU
		{F105E9A9-DA3B-4B15-AA3B-8BB53FD12CEC}.Release|Any CPU.Build.0 = Release|Any CPU
	EndGlobalSection
	GlobalSection(SolutionProperties) = preSolution
		HideSolutionNode = FALSE
	EndGlobalSection
	GlobalSection(ExtensibilityGlobals) = postSolution
		SolutionGuid = {7FB8F2BE-DE92-4307-BF97-5D46AB79F8B4}
	EndGlobalSection
EndGlobal
